
Microsoft Visual Studio Solution File, Format Version 12.00
# Visual Studio Version 17
VisualStudioVersion = 17.13.35806.99
MinimumVisualStudioVersion = 10.0.40219.1
Project("{FAE04EC0-301F-11D3-BF4B-00C04F79EFBC}") = "PeopleManager.Ui.Mvc", "PeopleManager.Ui.Mvc\PeopleManager.Ui.Mvc.csproj", "{949D2C10-C573-48BC-AE36-4DCA7FBA5A8B}"
EndProject
Project("{FAE04EC0-301F-11D3-BF4B-00C04F79EFBC}") = "PeopleManager.Model", "PeopleManager.Model\PeopleManager.Model.csproj", "{4C611E66-1F07-48F6-9C9C-BC7BE7BF5E53}"
EndProject
Project("{FAE04EC0-301F-11D3-BF4B-00C04F79EFBC}") = "PeopleManager.Repository", "PeopleManager.Repository\PeopleManager.Repository.csproj", "{12C8CAB6-9F8D-4CD5-8A8C-DD05DF997776}"
EndProject
Project("{FAE04EC0-301F-11D3-BF4B-00C04F79EFBC}") = "PeopleManager.Services", "PeopleManager.Services\PeopleManager.Services.csproj", "{88DBBF05-E667-4882-998A-F5B66AD47AFA}"
EndProject
Project("{2150E333-8FDC-42A3-9474-1A3956D46DE8}") = "Core", "Core", "{02EA681E-C7D8-13C7-8484-4AC65E1B71E8}"
EndProject
Project("{2150E333-8FDC-42A3-9474-1A3956D46DE8}") = "UI", "UI", "{6EC10AD6-5FB5-4E64-BE51-719BCD964499}"
EndProject
Project("{2150E333-8FDC-42A3-9474-1A3956D46DE8}") = "Services", "Services", "{5D6B31BC-03BA-4315-B9B4-1AE1375B98F1}"
EndProject
Project("{FAE04EC0-301F-11D3-BF4B-00C04F79EFBC}") = "PeopleManager.Api", "PeopleManager.Api\PeopleManager.Api.csproj", "{1E92C05B-3762-456E-BE66-C93E7C78ACC0}"
EndProject
Project("{2150E333-8FDC-42A3-9474-1A3956D46DE8}") = "Api", "Api", "{31E80041-DFAC-4BF8-84B0-655463185CCA}"
EndProject
Project("{FAE04EC0-301F-11D3-BF4B-00C04F79EFBC}") = "PeopleManageer.Dto", "PeopleManageer.Dto\PeopleManageer.Dto.csproj", "{5D3AC06B-2D08-4C29-85A7-1B03A7B96128}"
EndProject
Project("{FAE04EC0-301F-11D3-BF4B-00C04F79EFBC}") = "PeopleManager.Sdk", "PeopleManager.Sdk\PeopleManager.Sdk.csproj", "{2DD2F877-F822-432D-83C0-315EB8A21180}"
EndProject
Global
	GlobalSection(SolutionConfigurationPlatforms) = preSolution
		Debug|Any CPU = Debug|Any CPU
		Release|Any CPU = Release|Any CPU
	EndGlobalSection
	GlobalSection(ProjectConfigurationPlatforms) = postSolution
		{949D2C10-C573-48BC-AE36-4DCA7FBA5A8B}.Debug|Any CPU.ActiveCfg = Debug|Any CPU
		{949D2C10-C573-48BC-AE36-4DCA7FBA5A8B}.Debug|Any CPU.Build.0 = Debug|Any CPU
		{949D2C10-C573-48BC-AE36-4DCA7FBA5A8B}.Release|Any CPU.ActiveCfg = Release|Any CPU
		{949D2C10-C573-48BC-AE36-4DCA7FBA5A8B}.Release|Any CPU.Build.0 = Release|Any CPU
		{4C611E66-1F07-48F6-9C9C-BC7BE7BF5E53}.Debug|Any CPU.ActiveCfg = Debug|Any CPU
		{4C611E66-1F07-48F6-9C9C-BC7BE7BF5E53}.Debug|Any CPU.Build.0 = Debug|Any CPU
		{4C611E66-1F07-48F6-9C9C-BC7BE7BF5E53}.Release|Any CPU.ActiveCfg = Release|Any CPU
		{4C611E66-1F07-48F6-9C9C-BC7BE7BF5E53}.Release|Any CPU.Build.0 = Release|Any CPU
		{12C8CAB6-9F8D-4CD5-8A8C-DD05DF997776}.Debug|Any CPU.ActiveCfg = Debug|Any CPU
		{12C8CAB6-9F8D-4CD5-8A8C-DD05DF997776}.Debug|Any CPU.Build.0 = Debug|Any CPU
		{12C8CAB6-9F8D-4CD5-8A8C-DD05DF997776}.Release|Any CPU.ActiveCfg = Release|Any CPU
		{12C8CAB6-9F8D-4CD5-8A8C-DD05DF997776}.Release|Any CPU.Build.0 = Release|Any CPU
		{88DBBF05-E667-4882-998A-F5B66AD47AFA}.Debug|Any CPU.ActiveCfg = Debug|Any CPU
		{88DBBF05-E667-4882-998A-F5B66AD47AFA}.Debug|Any CPU.Build.0 = Debug|Any CPU
		{88DBBF05-E667-4882-998A-F5B66AD47AFA}.Release|Any CPU.ActiveCfg = Release|Any CPU
		{88DBBF05-E667-4882-998A-F5B66AD47AFA}.Release|Any CPU.Build.0 = Release|Any CPU
		{1E92C05B-3762-456E-BE66-C93E7C78ACC0}.Debug|Any CPU.ActiveCfg = Debug|Any CPU
		{1E92C05B-3762-456E-BE66-C93E7C78ACC0}.Debug|Any CPU.Build.0 = Debug|Any CPU
		{1E92C05B-3762-456E-BE66-C93E7C78ACC0}.Release|Any CPU.ActiveCfg = Release|Any CPU
		{1E92C05B-3762-456E-BE66-C93E7C78ACC0}.Release|Any CPU.Build.0 = Release|Any CPU
		{5D3AC06B-2D08-4C29-85A7-1B03A7B96128}.Debug|Any CPU.ActiveCfg = Debug|Any CPU
		{5D3AC06B-2D08-4C29-85A7-1B03A7B96128}.Debug|Any CPU.Build.0 = Debug|Any CPU
		{5D3AC06B-2D08-4C29-85A7-1B03A7B96128}.Release|Any CPU.ActiveCfg = Release|Any CPU
		{5D3AC06B-2D08-4C29-85A7-1B03A7B96128}.Release|Any CPU.Build.0 = Release|Any CPU
		{2DD2F877-F822-432D-83C0-315EB8A21180}.Debug|Any CPU.ActiveCfg = Debug|Any CPU
		{2DD2F877-F822-432D-83C0-315EB8A21180}.Debug|Any CPU.Build.0 = Debug|Any CPU
		{2DD2F877-F822-432D-83C0-315EB8A21180}.Release|Any CPU.ActiveCfg = Release|Any CPU
		{2DD2F877-F822-432D-83C0-315EB8A21180}.Release|Any CPU.Build.0 = Release|Any CPU
	EndGlobalSection
	GlobalSection(SolutionProperties) = preSolution
		HideSolutionNode = FALSE
	EndGlobalSection
	GlobalSection(NestedProjects) = preSolution
		{949D2C10-C573-48BC-AE36-4DCA7FBA5A8B} = {6EC10AD6-5FB5-4E64-BE51-719BCD964499}
		{4C611E66-1F07-48F6-9C9C-BC7BE7BF5E53} = {02EA681E-C7D8-13C7-8484-4AC65E1B71E8}
		{12C8CAB6-9F8D-4CD5-8A8C-DD05DF997776} = {02EA681E-C7D8-13C7-8484-4AC65E1B71E8}
		{88DBBF05-E667-4882-998A-F5B66AD47AFA} = {5D6B31BC-03BA-4315-B9B4-1AE1375B98F1}
		{1E92C05B-3762-456E-BE66-C93E7C78ACC0} = {31E80041-DFAC-4BF8-84B0-655463185CCA}
		{5D3AC06B-2D08-4C29-85A7-1B03A7B96128} = {31E80041-DFAC-4BF8-84B0-655463185CCA}
		{2DD2F877-F822-432D-83C0-315EB8A21180} = {31E80041-DFAC-4BF8-84B0-655463185CCA}
	EndGlobalSection
	GlobalSection(ExtensibilityGlobals) = postSolution
		SolutionGuid = {70569209-3549-4BD4-A0C4-796CD31CB3D4}
	EndGlobalSection
EndGlobal
